// !$*UTF8*$!
{
	archiveVersion = 1;
	classes = {
	};
	objectVersion = 50;
	objects = {

/* Begin PBXBuildFile section */
		3809AED12232CC5E00296D38 /* CustomBaseViewController.swift in Sources */ = {isa = PBXBuildFile; fileRef = 3809AED02232CC5E00296D38 /* CustomBaseViewController.swift */; };
		3809AED32232D02200296D38 /* LicenseViewController.swift in Sources */ = {isa = PBXBuildFile; fileRef = 3809AED22232D02200296D38 /* LicenseViewController.swift */; };
		38280D9E222A6C1A00A6C990 /* FontChooserViewController.swift in Sources */ = {isa = PBXBuildFile; fileRef = 38280D9D222A6C1A00A6C990 /* FontChooserViewController.swift */; };
		384F1E322213822500D35EFA /* AppDelegate.swift in Sources */ = {isa = PBXBuildFile; fileRef = 384F1E312213822500D35EFA /* AppDelegate.swift */; };
		384F1E362213822500D35EFA /* DocumentViewController.swift in Sources */ = {isa = PBXBuildFile; fileRef = 384F1E352213822500D35EFA /* DocumentViewController.swift */; };
		384F1E382213822500D35EFA /* Document.swift in Sources */ = {isa = PBXBuildFile; fileRef = 384F1E372213822500D35EFA /* Document.swift */; };
		384F1E3B2213822500D35EFA /* Main.storyboard in Resources */ = {isa = PBXBuildFile; fileRef = 384F1E392213822500D35EFA /* Main.storyboard */; };
		384F1E402213822600D35EFA /* LaunchScreen.storyboard in Resources */ = {isa = PBXBuildFile; fileRef = 384F1E3E2213822600D35EFA /* LaunchScreen.storyboard */; };
		38A771A32219530B00261429 /* DocumentBrowserViewController.swift in Sources */ = {isa = PBXBuildFile; fileRef = 38A771A22219530B00261429 /* DocumentBrowserViewController.swift */; };
		38B4CF7F2288BCDE00BBCCBA /* CountLines_StringExtension.swift in Sources */ = {isa = PBXBuildFile; fileRef = 38B4CF7D2288BCDE00BBCCBA /* CountLines_StringExtension.swift */; };
		38B4CF802288BCDE00BBCCBA /* ShowErrorPopUp_UIViewControllerExtension.swift in Sources */ = {isa = PBXBuildFile; fileRef = 38B4CF7E2288BCDE00BBCCBA /* ShowErrorPopUp_UIViewControllerExtension.swift */; };
		38B9F13922468DFA0062372E /* SettingsTabBarViewController.swift in Sources */ = {isa = PBXBuildFile; fileRef = 38B9F13822468DFA0062372E /* SettingsTabBarViewController.swift */; };
		38C2F138222208BC004C29D1 /* AboutViewController.swift in Sources */ = {isa = PBXBuildFile; fileRef = 38C2F137222208BC004C29D1 /* AboutViewController.swift */; };
		38D472272221C7EE0093B3D2 /* UserSettingsSingleton.swift in Sources */ = {isa = PBXBuildFile; fileRef = 38D472262221C7EE0093B3D2 /* UserSettingsSingleton.swift */; };
		38E3C77322773FFA00FE4985 /* Assets.xcassets in Resources */ = {isa = PBXBuildFile; fileRef = 38E3C77222773FFA00FE4985 /* Assets.xcassets */; };
/* End PBXBuildFile section */

/* Begin PBXFileReference section */
		3809AED02232CC5E00296D38 /* CustomBaseViewController.swift */ = {isa = PBXFileReference; lastKnownFileType = sourcecode.swift; path = CustomBaseViewController.swift; sourceTree = "<group>"; };
		3809AED22232D02200296D38 /* LicenseViewController.swift */ = {isa = PBXFileReference; lastKnownFileType = sourcecode.swift; path = LicenseViewController.swift; sourceTree = "<group>"; };
		38280D9D222A6C1A00A6C990 /* FontChooserViewController.swift */ = {isa = PBXFileReference; lastKnownFileType = sourcecode.swift; path = FontChooserViewController.swift; sourceTree = "<group>"; };
		384F1E2E2213822500D35EFA /* Red Zebra.app */ = {isa = PBXFileReference; explicitFileType = wrapper.application; includeInIndex = 0; path = "Red Zebra.app"; sourceTree = BUILT_PRODUCTS_DIR; };
		384F1E312213822500D35EFA /* AppDelegate.swift */ = {isa = PBXFileReference; lastKnownFileType = sourcecode.swift; path = AppDelegate.swift; sourceTree = "<group>"; };
		384F1E352213822500D35EFA /* DocumentViewController.swift */ = {isa = PBXFileReference; lastKnownFileType = sourcecode.swift; path = DocumentViewController.swift; sourceTree = "<group>"; };
		384F1E372213822500D35EFA /* Document.swift */ = {isa = PBXFileReference; lastKnownFileType = sourcecode.swift; path = Document.swift; sourceTree = "<group>"; };
		384F1E3A2213822500D35EFA /* Base */ = {isa = PBXFileReference; lastKnownFileType = file.storyboard; name = Base; path = Base.lproj/Main.storyboard; sourceTree = "<group>"; };
		384F1E3F2213822600D35EFA /* Base */ = {isa = PBXFileReference; lastKnownFileType = file.storyboard; name = Base; path = Base.lproj/LaunchScreen.storyboard; sourceTree = "<group>"; };
		384F1E412213822600D35EFA /* Info.plist */ = {isa = PBXFileReference; lastKnownFileType = text.plist.xml; path = Info.plist; sourceTree = "<group>"; };
		38A771A22219530B00261429 /* DocumentBrowserViewController.swift */ = {isa = PBXFileReference; fileEncoding = 4; lastKnownFileType = sourcecode.swift; path = DocumentBrowserViewController.swift; sourceTree = "<group>"; };
		38B4CF7D2288BCDE00BBCCBA /* CountLines_StringExtension.swift */ = {isa = PBXFileReference; fileEncoding = 4; lastKnownFileType = sourcecode.swift; path = CountLines_StringExtension.swift; sourceTree = "<group>"; };
		38B4CF7E2288BCDE00BBCCBA /* ShowErrorPopUp_UIViewControllerExtension.swift */ = {isa = PBXFileReference; fileEncoding = 4; lastKnownFileType = sourcecode.swift; path = ShowErrorPopUp_UIViewControllerExtension.swift; sourceTree = "<group>"; };
		38B9F13822468DFA0062372E /* SettingsTabBarViewController.swift */ = {isa = PBXFileReference; lastKnownFileType = sourcecode.swift; path = SettingsTabBarViewController.swift; sourceTree = "<group>"; };
		38C2F137222208BC004C29D1 /* AboutViewController.swift */ = {isa = PBXFileReference; lastKnownFileType = sourcecode.swift; path = AboutViewController.swift; sourceTree = "<group>"; };
		38D472262221C7EE0093B3D2 /* UserSettingsSingleton.swift */ = {isa = PBXFileReference; fileEncoding = 4; lastKnownFileType = sourcecode.swift; path = UserSettingsSingleton.swift; sourceTree = "<group>"; };
		38E3C77222773FFA00FE4985 /* Assets.xcassets */ = {isa = PBXFileReference; lastKnownFileType = folder.assetcatalog; path = Assets.xcassets; sourceTree = "<group>"; };
/* End PBXFileReference section */

/* Begin PBXFrameworksBuildPhase section */
		384F1E2B2213822500D35EFA /* Frameworks */ = {
			isa = PBXFrameworksBuildPhase;
			buildActionMask = 2147483647;
			files = (
			);
			runOnlyForDeploymentPostprocessing = 0;
		};
/* End PBXFrameworksBuildPhase section */

/* Begin PBXGroup section */
		384F1E252213822500D35EFA = {
			isa = PBXGroup;
			children = (
				384F1E302213822500D35EFA /* Red Zebra */,
				384F1E2F2213822500D35EFA /* Products */,
			);
			sourceTree = "<group>";
		};
		384F1E2F2213822500D35EFA /* Products */ = {
			isa = PBXGroup;
			children = (
				384F1E2E2213822500D35EFA /* Red Zebra.app */,
			);
			name = Products;
			sourceTree = "<group>";
		};
		384F1E302213822500D35EFA /* Red Zebra */ = {
			isa = PBXGroup;
			children = (
				384F1E312213822500D35EFA /* AppDelegate.swift */,
				38B9F135224689980062372E /* util */,
				38A771A622199D1B00261429 /* Model */,
				38A514AF221724960008C9BA /* View Controllers */,
				38A514B0221724C10008C9BA /* Storyboards */,
				384F1E412213822600D35EFA /* Info.plist */,
				38E3C77222773FFA00FE4985 /* Assets.xcassets */,
			);
			path = "Red Zebra";
			sourceTree = "<group>";
		};
		38A514AF221724960008C9BA /* View Controllers */ = {
			isa = PBXGroup;
			children = (
				38A771A22219530B00261429 /* DocumentBrowserViewController.swift */,
				384F1E352213822500D35EFA /* DocumentViewController.swift */,
				38B9F13822468DFA0062372E /* SettingsTabBarViewController.swift */,
				38280D9D222A6C1A00A6C990 /* FontChooserViewController.swift */,
				38C2F137222208BC004C29D1 /* AboutViewController.swift */,
				3809AED22232D02200296D38 /* LicenseViewController.swift */,
			);
			path = "View Controllers";
			sourceTree = "<group>";
		};
		38A514B0221724C10008C9BA /* Storyboards */ = {
			isa = PBXGroup;
			children = (
				384F1E392213822500D35EFA /* Main.storyboard */,
				384F1E3E2213822600D35EFA /* LaunchScreen.storyboard */,
			);
			path = Storyboards;
			sourceTree = "<group>";
		};
		38A771A622199D1B00261429 /* Model */ = {
			isa = PBXGroup;
			children = (
				38D472262221C7EE0093B3D2 /* UserSettingsSingleton.swift */,
				384F1E372213822500D35EFA /* Document.swift */,
			);
			path = Model;
			sourceTree = "<group>";
		};
		38B9F135224689980062372E /* util */ = {
			isa = PBXGroup;
			children = (
				3809AED02232CC5E00296D38 /* CustomBaseViewController.swift */,
				38B4CF7D2288BCDE00BBCCBA /* CountLines_StringExtension.swift */,
				38B4CF7E2288BCDE00BBCCBA /* ShowErrorPopUp_UIViewControllerExtension.swift */,
			);
			path = util;
			sourceTree = "<group>";
		};
/* End PBXGroup section */

/* Begin PBXNativeTarget section */
		384F1E2D2213822500D35EFA /* Red Zebra */ = {
			isa = PBXNativeTarget;
			buildConfigurationList = 384F1E442213822600D35EFA /* Build configuration list for PBXNativeTarget "Red Zebra" */;
			buildPhases = (
				384F1E2A2213822500D35EFA /* Sources */,
				384F1E2B2213822500D35EFA /* Frameworks */,
				384F1E2C2213822500D35EFA /* Resources */,
			);
			buildRules = (
			);
			dependencies = (
			);
			name = "Red Zebra";
			productName = "Code Editor";
			productReference = 384F1E2E2213822500D35EFA /* Red Zebra.app */;
			productType = "com.apple.product-type.application";
		};
/* End PBXNativeTarget section */

/* Begin PBXProject section */
		384F1E262213822500D35EFA /* Project object */ = {
			isa = PBXProject;
			attributes = {
				LastSwiftUpdateCheck = 1010;
				LastUpgradeCheck = 1010;
				ORGANIZATIONNAME = "Jan Kříž";
				TargetAttributes = {
					384F1E2D2213822500D35EFA = {
						CreatedOnToolsVersion = 10.1;
						LastSwiftMigration = 1020;
					};
				};
			};
			buildConfigurationList = 384F1E292213822500D35EFA /* Build configuration list for PBXProject "Red Zebra" */;
			compatibilityVersion = "Xcode 9.3";
			developmentRegion = en;
			hasScannedForEncodings = 0;
			knownRegions = (
				en,
				Base,
			);
			mainGroup = 384F1E252213822500D35EFA;
			productRefGroup = 384F1E2F2213822500D35EFA /* Products */;
			projectDirPath = "";
			projectRoot = "";
			targets = (
				384F1E2D2213822500D35EFA /* Red Zebra */,
			);
		};
/* End PBXProject section */

/* Begin PBXResourcesBuildPhase section */
		384F1E2C2213822500D35EFA /* Resources */ = {
			isa = PBXResourcesBuildPhase;
			buildActionMask = 2147483647;
			files = (
				384F1E402213822600D35EFA /* LaunchScreen.storyboard in Resources */,
				384F1E3B2213822500D35EFA /* Main.storyboard in Resources */,
				38E3C77322773FFA00FE4985 /* Assets.xcassets in Resources */,
			);
			runOnlyForDeploymentPostprocessing = 0;
		};
/* End PBXResourcesBuildPhase section */

/* Begin PBXSourcesBuildPhase section */
		384F1E2A2213822500D35EFA /* Sources */ = {
			isa = PBXSourcesBuildPhase;
			buildActionMask = 2147483647;
			files = (
				38A771A32219530B00261429 /* DocumentBrowserViewController.swift in Sources */,
				38B9F13922468DFA0062372E /* SettingsTabBarViewController.swift in Sources */,
				38D472272221C7EE0093B3D2 /* UserSettingsSingleton.swift in Sources */,
				384F1E382213822500D35EFA /* Document.swift in Sources */,
				38280D9E222A6C1A00A6C990 /* FontChooserViewController.swift in Sources */,
				38C2F138222208BC004C29D1 /* AboutViewController.swift in Sources */,
				3809AED12232CC5E00296D38 /* CustomBaseViewController.swift in Sources */,
				38B4CF7F2288BCDE00BBCCBA /* CountLines_StringExtension.swift in Sources */,
				3809AED32232D02200296D38 /* LicenseViewController.swift in Sources */,
				38B4CF802288BCDE00BBCCBA /* ShowErrorPopUp_UIViewControllerExtension.swift in Sources */,
				384F1E362213822500D35EFA /* DocumentViewController.swift in Sources */,
				384F1E322213822500D35EFA /* AppDelegate.swift in Sources */,
			);
			runOnlyForDeploymentPostprocessing = 0;
		};
/* End PBXSourcesBuildPhase section */

/* Begin PBXVariantGroup section */
		384F1E392213822500D35EFA /* Main.storyboard */ = {
			isa = PBXVariantGroup;
			children = (
				384F1E3A2213822500D35EFA /* Base */,
			);
			name = Main.storyboard;
			sourceTree = "<group>";
		};
		384F1E3E2213822600D35EFA /* LaunchScreen.storyboard */ = {
			isa = PBXVariantGroup;
			children = (
				384F1E3F2213822600D35EFA /* Base */,
			);
			name = LaunchScreen.storyboard;
			sourceTree = "<group>";
		};
/* End PBXVariantGroup section */

/* Begin XCBuildConfiguration section */
		384F1E422213822600D35EFA /* Debug */ = {
			isa = XCBuildConfiguration;
			buildSettings = {
				ALWAYS_SEARCH_USER_PATHS = NO;
				CLANG_ANALYZER_NONNULL = YES;
				CLANG_ANALYZER_NUMBER_OBJECT_CONVERSION = YES_AGGRESSIVE;
				CLANG_CXX_LANGUAGE_STANDARD = "gnu++14";
				CLANG_CXX_LIBRARY = "libc++";
				CLANG_ENABLE_MODULES = YES;
				CLANG_ENABLE_OBJC_ARC = YES;
				CLANG_ENABLE_OBJC_WEAK = YES;
				CLANG_WARN_BLOCK_CAPTURE_AUTORELEASING = YES;
				CLANG_WARN_BOOL_CONVERSION = YES;
				CLANG_WARN_COMMA = YES;
				CLANG_WARN_CONSTANT_CONVERSION = YES;
				CLANG_WARN_DEPRECATED_OBJC_IMPLEMENTATIONS = YES;
				CLANG_WARN_DIRECT_OBJC_ISA_USAGE = YES_ERROR;
				CLANG_WARN_DOCUMENTATION_COMMENTS = YES;
				CLANG_WARN_EMPTY_BODY = YES;
				CLANG_WARN_ENUM_CONVERSION = YES;
				CLANG_WARN_INFINITE_RECURSION = YES;
				CLANG_WARN_INT_CONVERSION = YES;
				CLANG_WARN_NON_LITERAL_NULL_CONVERSION = YES;
				CLANG_WARN_OBJC_IMPLICIT_RETAIN_SELF = YES;
				CLANG_WARN_OBJC_LITERAL_CONVERSION = YES;
				CLANG_WARN_OBJC_ROOT_CLASS = YES_ERROR;
				CLANG_WARN_RANGE_LOOP_ANALYSIS = YES;
				CLANG_WARN_STRICT_PROTOTYPES = YES;
				CLANG_WARN_SUSPICIOUS_MOVE = YES;
				CLANG_WARN_UNGUARDED_AVAILABILITY = YES_AGGRESSIVE;
				CLANG_WARN_UNREACHABLE_CODE = YES;
				CLANG_WARN__DUPLICATE_METHOD_MATCH = YES;
				CODE_SIGN_IDENTITY = "iPhone Developer";
				COPY_PHASE_STRIP = NO;
				DEBUG_INFORMATION_FORMAT = dwarf;
				ENABLE_STRICT_OBJC_MSGSEND = YES;
				ENABLE_TESTABILITY = YES;
				GCC_C_LANGUAGE_STANDARD = gnu11;
				GCC_DYNAMIC_NO_PIC = NO;
				GCC_NO_COMMON_BLOCKS = YES;
				GCC_OPTIMIZATION_LEVEL = 0;
				GCC_PREPROCESSOR_DEFINITIONS = (
					"DEBUG=1",
					"$(inherited)",
				);
				GCC_WARN_64_TO_32_BIT_CONVERSION = YES;
				GCC_WARN_ABOUT_RETURN_TYPE = YES_ERROR;
				GCC_WARN_UNDECLARED_SELECTOR = YES;
				GCC_WARN_UNINITIALIZED_AUTOS = YES_AGGRESSIVE;
				GCC_WARN_UNUSED_FUNCTION = YES;
				GCC_WARN_UNUSED_VARIABLE = YES;
				IPHONEOS_DEPLOYMENT_TARGET = 12.1;
				MTL_ENABLE_DEBUG_INFO = INCLUDE_SOURCE;
				MTL_FAST_MATH = YES;
				ONLY_ACTIVE_ARCH = YES;
				SDKROOT = iphoneos;
				SWIFT_ACTIVE_COMPILATION_CONDITIONS = DEBUG;
				SWIFT_OPTIMIZATION_LEVEL = "-Onone";
			};
			name = Debug;
		};
		384F1E432213822600D35EFA /* Release */ = {
			isa = XCBuildConfiguration;
			buildSettings = {
				ALWAYS_SEARCH_USER_PATHS = NO;
				CLANG_ANALYZER_NONNULL = YES;
				CLANG_ANALYZER_NUMBER_OBJECT_CONVERSION = YES_AGGRESSIVE;
				CLANG_CXX_LANGUAGE_STANDARD = "gnu++14";
				CLANG_CXX_LIBRARY = "libc++";
				CLANG_ENABLE_MODULES = YES;
				CLANG_ENABLE_OBJC_ARC = YES;
				CLANG_ENABLE_OBJC_WEAK = YES;
				CLANG_WARN_BLOCK_CAPTURE_AUTORELEASING = YES;
				CLANG_WARN_BOOL_CONVERSION = YES;
				CLANG_WARN_COMMA = YES;
				CLANG_WARN_CONSTANT_CONVERSION = YES;
				CLANG_WARN_DEPRECATED_OBJC_IMPLEMENTATIONS = YES;
				CLANG_WARN_DIRECT_OBJC_ISA_USAGE = YES_ERROR;
				CLANG_WARN_DOCUMENTATION_COMMENTS = YES;
				CLANG_WARN_EMPTY_BODY = YES;
				CLANG_WARN_ENUM_CONVERSION = YES;
				CLANG_WARN_INFINITE_RECURSION = YES;
				CLANG_WARN_INT_CONVERSION = YES;
				CLANG_WARN_NON_LITERAL_NULL_CONVERSION = YES;
				CLANG_WARN_OBJC_IMPLICIT_RETAIN_SELF = YES;
				CLANG_WARN_OBJC_LITERAL_CONVERSION = YES;
				CLANG_WARN_OBJC_ROOT_CLASS = YES_ERROR;
				CLANG_WARN_RANGE_LOOP_ANALYSIS = YES;
				CLANG_WARN_STRICT_PROTOTYPES = YES;
				CLANG_WARN_SUSPICIOUS_MOVE = YES;
				CLANG_WARN_UNGUARDED_AVAILABILITY = YES_AGGRESSIVE;
				CLANG_WARN_UNREACHABLE_CODE = YES;
				CLANG_WARN__DUPLICATE_METHOD_MATCH = YES;
				CODE_SIGN_IDENTITY = "iPhone Developer";
				COPY_PHASE_STRIP = NO;
				DEBUG_INFORMATION_FORMAT = "dwarf-with-dsym";
				ENABLE_NS_ASSERTIONS = NO;
				ENABLE_STRICT_OBJC_MSGSEND = YES;
				GCC_C_LANGUAGE_STANDARD = gnu11;
				GCC_NO_COMMON_BLOCKS = YES;
				GCC_WARN_64_TO_32_BIT_CONVERSION = YES;
				GCC_WARN_ABOUT_RETURN_TYPE = YES_ERROR;
				GCC_WARN_UNDECLARED_SELECTOR = YES;
				GCC_WARN_UNINITIALIZED_AUTOS = YES_AGGRESSIVE;
				GCC_WARN_UNUSED_FUNCTION = YES;
				GCC_WARN_UNUSED_VARIABLE = YES;
				IPHONEOS_DEPLOYMENT_TARGET = 12.1;
				MTL_ENABLE_DEBUG_INFO = NO;
				MTL_FAST_MATH = YES;
				SDKROOT = iphoneos;
				SWIFT_COMPILATION_MODE = wholemodule;
				SWIFT_OPTIMIZATION_LEVEL = "-O";
				VALIDATE_PRODUCT = YES;
			};
			name = Release;
		};
		384F1E452213822600D35EFA /* Debug */ = {
			isa = XCBuildConfiguration;
			buildSettings = {
				ASSETCATALOG_COMPILER_APPICON_NAME = AppIcon;
				CODE_SIGN_STYLE = Automatic;
				DEVELOPMENT_TEAM = E8938J75P7;
				INFOPLIST_FILE = "Red Zebra/Info.plist";
				IPHONEOS_DEPLOYMENT_TARGET = 12.2;
				LD_RUNPATH_SEARCH_PATHS = (
					"$(inherited)",
					"@executable_path/Frameworks",
				);
				PRODUCT_BUNDLE_IDENTIFIER = "com.jankriz.Red-Zebra";
				PRODUCT_NAME = "$(TARGET_NAME)";
				SWIFT_VERSION = 5.0;
				TARGETED_DEVICE_FAMILY = "1,2";
			};
			name = Debug;
		};
		384F1E462213822600D35EFA /* Release */ = {
			isa = XCBuildConfiguration;
			buildSettings = {
				ASSETCATALOG_COMPILER_APPICON_NAME = AppIcon;
				CODE_SIGN_STYLE = Automatic;
				DEVELOPMENT_TEAM = E8938J75P7;
				INFOPLIST_FILE = "Red Zebra/Info.plist";
				IPHONEOS_DEPLOYMENT_TARGET = 12.2;
				LD_RUNPATH_SEARCH_PATHS = (
					"$(inherited)",
					"@executable_path/Frameworks",
				);
				PRODUCT_BUNDLE_IDENTIFIER = "com.jankriz.Red-Zebra";
				PRODUCT_NAME = "$(TARGET_NAME)";
				SWIFT_VERSION = 5.0;
				TARGETED_DEVICE_FAMILY = "1,2";
			};
			name = Release;
		};
/* End XCBuildConfiguration section */

/* Begin XCConfigurationList section */
		384F1E292213822500D35EFA /* Build configuration list for PBXProject "Red Zebra" */ = {
			isa = XCConfigurationList;
			buildConfigurations = (
				384F1E422213822600D35EFA /* Debug */,
				384F1E432213822600D35EFA /* Release */,
			);
			defaultConfigurationIsVisible = 0;
			defaultConfigurationName = Release;
		};
		384F1E442213822600D35EFA /* Build configuration list for PBXNativeTarget "Red Zebra" */ = {
			isa = XCConfigurationList;
			buildConfigurations = (
				384F1E452213822600D35EFA /* Debug */,
				384F1E462213822600D35EFA /* Release */,
			);
			defaultConfigurationIsVisible = 0;
			defaultConfigurationName = Release;
		};
/* End XCConfigurationList section */
	};
	rootObject = 384F1E262213822500D35EFA /* Project object */;
}
